<?xml version="1.0" encoding="utf-8"?>
<Project ToolsVersion="4.0" xmlns="http://schemas.microsoft.com/developer/msbuild/2003">
  <ItemGroup>
    <Filter Include="res">
      <UniqueIdentifier>{67DA6AB6-F800-4c08-8B7A-83BB121AAD01}</UniqueIdentifier>
      <Extensions>rc;ico;cur;bmp;dlg;rc2;rct;bin;rgs;gif;jpg;jpeg;jpe;resx;tiff;tif;png;wav;mfcribbon-ms</Extensions>
    </Filter>
    <Filter Include="src">
      <UniqueIdentifier>{4FC737F1-C7A5-4376-A066-2A32D752A2FF}</UniqueIdentifier>
      <Extensions>cpp;c;cc;cxx;def;odl;idl;hpj;bat;asm;asmx</Extensions>
    </Filter>
    <Filter Include="src\DirectX9">
      <UniqueIdentifier>{ccb98ea1-d5d9-4c3e-aefe-2743cb4fa43a}</UniqueIdentifier>
    </Filter>
    <Filter Include="src\DirectInput8">
      <UniqueIdentifier>{f1d71f91-8f0c-464a-8a46-a8b5d4977924}</UniqueIdentifier>
    </Filter>
    <Filter Include="src\Win32Api">
      <UniqueIdentifier>{8bf3d5d8-308e-4ef8-9b94-306d23be1311}</UniqueIdentifier>
    </Filter>
    <Filter Include="src\DirectX9\Buffer">
      <UniqueIdentifier>{a5a70878-d8e7-4e8b-884d-2b3a0719ed57}</UniqueIdentifier>
    </Filter>
    <Filter Include="src\DirectX9\Shader">
      <UniqueIdentifier>{54507761-52de-46a3-bb56-f2b3d2ec9e0a}</UniqueIdentifier>
    </Filter>
    <Filter Include="src\Util">
      <UniqueIdentifier>{177bd978-78f6-4042-bb53-8b43c944b8a6}</UniqueIdentifier>
    </Filter>
    <Filter Include="src\DirectX9\Shader\hlsl">
      <UniqueIdentifier>{90973cd4-7565-4ab2-81ae-4c9a88a81105}</UniqueIdentifier>
    </Filter>
    <Filter Include="src\DirectX9\Shader\Interface">
      <UniqueIdentifier>{669482aa-093b-4c66-81d8-41caec960668}</UniqueIdentifier>
    </Filter>
    <Filter Include="src\DirectX9\Matrix">
      <UniqueIdentifier>{5f9ee4ec-b744-4191-9c08-6b79ae82d7e3}</UniqueIdentifier>
    </Filter>
    <Filter Include="src\DirectX9\Mesh">
      <UniqueIdentifier>{1f3551e1-b115-4b7a-ba7d-9735cfbbed18}</UniqueIdentifier>
    </Filter>
    <Filter Include="src\DirectX9\Rednering">
      <UniqueIdentifier>{76718bc6-3a22-4d17-a0f3-38179b939ffe}</UniqueIdentifier>
    </Filter>
    <Filter Include="開発中">
      <UniqueIdentifier>{6e157a27-b4ab-4d10-9715-5bdf5a98932f}</UniqueIdentifier>
    </Filter>
  </ItemGroup>
  <ItemGroup>
    <Text Include="ReadMe.txt" />
  </ItemGroup>
  <ItemGroup>
    <ClCompile Include="src\DirectInput8\DirectInput8Module.cpp">
      <Filter>src\DirectInput8</Filter>
    </ClCompile>
    <ClCompile Include="src\DirectX9\Rendering\D3D9DeviceThread.cpp">
      <Filter>src\DirectX9\Rednering</Filter>
    </ClCompile>
    <ClCompile Include="src\DirectX9\Rendering\DirectX9Module.cpp">
      <Filter>src\DirectX9\Rednering</Filter>
    </ClCompile>
    <ClCompile Include="src\DirectX9\Rendering\RenderStateManager.cpp">
      <Filter>src\DirectX9\Rednering</Filter>
    </ClCompile>
    <ClCompile Include="src\DirectX9\Buffer\Surface.cpp">
      <Filter>src\DirectX9\Buffer</Filter>
    </ClCompile>
    <ClCompile Include="src\DirectX9\Buffer\TextureBuffer.cpp">
      <Filter>src\DirectX9\Buffer</Filter>
    </ClCompile>
    <ClCompile Include="src\DirectX9\Buffer\VertexBuffer.cpp">
      <Filter>src\DirectX9\Buffer</Filter>
    </ClCompile>
    <ClCompile Include="src\D3DXDebugFont.cpp">
      <Filter>開発中</Filter>
    </ClCompile>
    <ClCompile Include="src\DirectX9\Mesh\SoloPlane.cpp">
      <Filter>src\DirectX9\Mesh</Filter>
    </ClCompile>
    <ClCompile Include="src\Logger.cpp">
      <Filter>開発中</Filter>
    </ClCompile>
    <ClCompile Include="src\Util\SceneSwitcher.cpp">
      <Filter>src\Util</Filter>
    </ClCompile>
    <ClCompile Include="src\Win32Api\ConsoleModule.cpp">
      <Filter>src\Win32Api</Filter>
    </ClCompile>
    <ClCompile Include="src\Win32Api\WindowModule.cpp">
      <Filter>src\Win32Api</Filter>
    </ClCompile>
  </ItemGroup>
  <ItemGroup>
    <ClInclude Include="Include\DirectInput8\DirectInput8Module.h">
      <Filter>src\DirectInput8</Filter>
    </ClInclude>
    <ClInclude Include="Include\DirectX9\Rendering\D3D9DeviceThread.h">
      <Filter>src\DirectX9\Rednering</Filter>
    </ClInclude>
    <ClInclude Include="Include\DirectX9\Rendering\DirectX9Module.h">
      <Filter>src\DirectX9\Rednering</Filter>
    </ClInclude>
    <ClInclude Include="Include\DirectX9\Rendering\RenderStateManager.h">
      <Filter>src\DirectX9\Rednering</Filter>
    </ClInclude>
    <ClInclude Include="Include\DirectX9\Buffer\Surface.h">
      <Filter>src\DirectX9\Buffer</Filter>
    </ClInclude>
    <ClInclude Include="Include\DirectX9\Buffer\TextureBuffer.h">
      <Filter>src\DirectX9\Buffer</Filter>
    </ClInclude>
    <ClInclude Include="Include\DirectX9\Buffer\VertexBuffer.h">
      <Filter>src\DirectX9\Buffer</Filter>
    </ClInclude>
    <ClInclude Include="src\D3DXDebugFont.h">
      <Filter>開発中</Filter>
    </ClInclude>
    <ClInclude Include="Include\DirectX9\Matrix\OrthoMatrixInterface.h">
      <Filter>src\DirectX9\Matrix</Filter>
    </ClInclude>
    <ClInclude Include="Include\DirectX9\Matrix\PerthMatrixInterface.h">
      <Filter>src\DirectX9\Matrix</Filter>
    </ClInclude>
    <ClInclude Include="Include\DirectX9\Matrix\ViewMatrixInterface.h">
      <Filter>src\DirectX9\Matrix</Filter>
    </ClInclude>
    <ClInclude Include="Include\DirectX9\Mesh\SoloPlane.h">
      <Filter>src\DirectX9\Mesh</Filter>
    </ClInclude>
    <ClInclude Include="Include\DirectX9\Shader\Interface\LightShaderInterface.h">
      <Filter>src\DirectX9\Shader\Interface</Filter>
    </ClInclude>
    <ClInclude Include="Include\DirectX9\Shader\Interface\MaterialShaderInterface.h">
      <Filter>src\DirectX9\Shader\Interface</Filter>
    </ClInclude>
    <ClInclude Include="Include\DirectX9\Shader\Interface\TransformShaderInterface.h">
      <Filter>src\DirectX9\Shader\Interface</Filter>
    </ClInclude>
    <ClInclude Include="Include\DirectX9\Shader\PixelShader.h">
      <Filter>src\DirectX9\Shader</Filter>
    </ClInclude>
    <ClInclude Include="Include\DirectX9\Shader\ShaderBase.h">
      <Filter>src\DirectX9\Shader</Filter>
    </ClInclude>
    <ClInclude Include="Include\DirectX9\Shader\VertexShader.h">
      <Filter>src\DirectX9\Shader</Filter>
    </ClInclude>
    <ClInclude Include="src\Logger.h">
      <Filter>開発中</Filter>
    </ClInclude>
    <ClInclude Include="Include\Util\FrameKeeper.h">
      <Filter>src\Util</Filter>
    </ClInclude>
    <ClInclude Include="Include\Util\SafeDelete.h">
      <Filter>src\Util</Filter>
    </ClInclude>
    <ClInclude Include="Include\Util\SceneInterface.h">
      <Filter>src\Util</Filter>
    </ClInclude>
    <ClInclude Include="Include\Util\SceneSwitcherr.h">
      <Filter>src\Util</Filter>
    </ClInclude>
    <ClInclude Include="Include\Win32Api\ConsoleModule.h">
      <Filter>src\Win32Api</Filter>
    </ClInclude>
    <ClInclude Include="Include\Win32Api\WindowModule.h">
      <Filter>src\Win32Api</Filter>
    </ClInclude>
  </ItemGroup>
  <ItemGroup>
    <None Include="Include\DirectX9\Shader\hlsl\Light.hlsli">
      <Filter>src\DirectX9\Shader\hlsl</Filter>
    </None>
    <None Include="Include\DirectX9\Shader\hlsl\Material.hlsli">
      <Filter>src\DirectX9\Shader\hlsl</Filter>
    </None>
    <None Include="Include\DirectX9\Shader\hlsl\Transform.hlsli">
      <Filter>src\DirectX9\Shader\hlsl</Filter>
    </None>
  </ItemGroup>
</Project>